
Microsoft Visual Studio Solution File, Format Version 12.00
# Visual Studio Version 17
VisualStudioVersion = 17.5.002.0
MinimumVisualStudioVersion = 10.0.40219.1
Project("{9A19103F-16F7-4668-BE54-9A1E7A4F7556}") = "Starter", "Starter.csproj", "{EF2B04BE-36C8-4DCC-8884-8E1C4A14DB5C}"
EndProject
Global
	GlobalSection(SolutionConfigurationPlatforms) = preSolution
		Debug|Any CPU = Debug|Any CPU
		Release|Any CPU = Release|Any CPU
	EndGlobalSection
	GlobalSection(ProjectConfigurationPlatforms) = postSolution
		{EF2B04BE-36C8-4DCC-8884-8E1C4A14DB5C}.Debug|Any CPU.ActiveCfg = Debug|Any CPU
		{EF2B04BE-36C8-4DCC-8884-8E1C4A14DB5C}.Debug|Any CPU.Build.0 = Debug|Any CPU
		{EF2B04BE-36C8-4DCC-8884-8E1C4A14DB5C}.Release|Any CPU.ActiveCfg = Release|Any CPU
		{EF2B04BE-36C8-4DCC-8884-8E1C4A14DB5C}.Release|Any CPU.Build.0 = Release|Any CPU
	EndGlobalSection
	GlobalSection(SolutionProperties) = preSolution
		HideSolutionNode = FALSE
	EndGlobalSection
	GlobalSection(ExtensibilityGlobals) = postSolution
		SolutionGuid = {48C1DE8D-51F5-45C3-9F37-9CDA92BC666E}
	EndGlobalSection
EndGlobal
