
Microsoft Visual Studio Solution File, Format Version 12.00
# Visual Studio Version 17
VisualStudioVersion = 17.5.002.0
MinimumVisualStudioVersion = 10.0.40219.1
Project("{9A19103F-16F7-4668-BE54-9A1E7A4F7556}") = "DataTypeProject", "DataTypeProject\DataTypeProject.csproj", "{E9AF6764-974D-4F06-8260-7F066562177C}"
EndProject
Global
	GlobalSection(SolutionConfigurationPlatforms) = preSolution
		Debug|Any CPU = Debug|Any CPU
		Release|Any CPU = Release|Any CPU
	EndGlobalSection
	GlobalSection(ProjectConfigurationPlatforms) = postSolution
		{E9AF6764-974D-4F06-8260-7F066562177C}.Debug|Any CPU.ActiveCfg = Debug|Any CPU
		{E9AF6764-974D-4F06-8260-7F066562177C}.Debug|Any CPU.Build.0 = Debug|Any CPU
		{E9AF6764-974D-4F06-8260-7F066562177C}.Release|Any CPU.ActiveCfg = Release|Any CPU
		{E9AF6764-974D-4F06-8260-7F066562177C}.Release|Any CPU.Build.0 = Release|Any CPU
	EndGlobalSection
	GlobalSection(SolutionProperties) = preSolution
		HideSolutionNode = FALSE
	EndGlobalSection
	GlobalSection(ExtensibilityGlobals) = postSolution
		SolutionGuid = {78D1706F-9B8D-4650-B4BF-5F52C7233358}
	EndGlobalSection
EndGlobal
