
Microsoft Visual Studio Solution File, Format Version 12.00
# Visual Studio Version 17
VisualStudioVersion = 17.5.002.0
MinimumVisualStudioVersion = 10.0.40219.1
Project("{9A19103F-16F7-4668-BE54-9A1E7A4F7556}") = "Final", "Final.csproj", "{86D11B89-1F3C-40FD-8909-8FD8F86E514D}"
EndProject
Global
	GlobalSection(SolutionConfigurationPlatforms) = preSolution
		Debug|Any CPU = Debug|Any CPU
		Release|Any CPU = Release|Any CPU
	EndGlobalSection
	GlobalSection(ProjectConfigurationPlatforms) = postSolution
		{86D11B89-1F3C-40FD-8909-8FD8F86E514D}.Debug|Any CPU.ActiveCfg = Debug|Any CPU
		{86D11B89-1F3C-40FD-8909-8FD8F86E514D}.Debug|Any CPU.Build.0 = Debug|Any CPU
		{86D11B89-1F3C-40FD-8909-8FD8F86E514D}.Release|Any CPU.ActiveCfg = Release|Any CPU
		{86D11B89-1F3C-40FD-8909-8FD8F86E514D}.Release|Any CPU.Build.0 = Release|Any CPU
	EndGlobalSection
	GlobalSection(SolutionProperties) = preSolution
		HideSolutionNode = FALSE
	EndGlobalSection
	GlobalSection(ExtensibilityGlobals) = postSolution
		SolutionGuid = {E71BCFF8-322E-47E4-92FF-A08CA7DDDDC2}
	EndGlobalSection
EndGlobal
